{
  "name": "directory-trees-webpack-plugin",
  "version": "1.0.1",
  "lockfileVersion": 1,
  "requires": true,
  "dependencies": {
    "directory-tree": {
      "version": "2.0.0",
      "resolved": "https://registry.npmjs.org/directory-tree/-/directory-tree-2.0.0.tgz",
      "integrity": "sha1-wKX6DWQqGxt9EDUbPB20KXcNiUY="
    },
    "directory-tree-md": {
      "version": "2.0.3",
      "resolved": "https://registry.npmjs.org/directory-tree-md/-/directory-tree-md-2.0.3.tgz",
      "integrity": "sha512-ZPMsLj/YxX6vLi/G9g/DEVwSXNzxdOHZh3Nd4dayXlkNjG+LsdgZL4b4xiCjZWOI/VEV0V1WF4mcvb9SrlsmmA=="
    }
  }
}
